// !$*UTF8*$!
{
	archiveVersion = 1;
	classes = {
	};
	objectVersion = 56;
	objects = {

/* Begin PBXBuildFile section */
		FF233A8D2BB10C5600D40C34 /* AlbumDetailsViewController.swift in Sources */ = {isa = PBXBuildFile; fileRef = FF233A8C2BB10C5600D40C34 /* AlbumDetailsViewController.swift */; };
		FF233A922BB10CA600D40C34 /* ArtistViewController.swift in Sources */ = {isa = PBXBuildFile; fileRef = FF233A912BB10CA600D40C34 /* ArtistViewController.swift */; };
		FF233A942BB10CDA00D40C34 /* ArtistDetailsViewController.swift in Sources */ = {isa = PBXBuildFile; fileRef = FF233A932BB10CDA00D40C34 /* ArtistDetailsViewController.swift */; };
		FF233A962BB10D0300D40C34 /* ArtistTableViewController.swift in Sources */ = {isa = PBXBuildFile; fileRef = FF233A952BB10D0300D40C34 /* ArtistTableViewController.swift */; };
		FF233A992BB10D3F00D40C34 /* GenreViewController.swift in Sources */ = {isa = PBXBuildFile; fileRef = FF233A982BB10D3F00D40C34 /* GenreViewController.swift */; };
		FF233A9B2BB10D5100D40C34 /* GenreDetailsViewController.swift in Sources */ = {isa = PBXBuildFile; fileRef = FF233A9A2BB10D5100D40C34 /* GenreDetailsViewController.swift */; };
		FF233A9D2BB10D6000D40C34 /* GenreTableViewController.swift in Sources */ = {isa = PBXBuildFile; fileRef = FF233A9C2BB10D6000D40C34 /* GenreTableViewController.swift */; };
		FFD5BFFE2BB106EE002707F8 /* AppDelegate.swift in Sources */ = {isa = PBXBuildFile; fileRef = FFD5BFFD2BB106EE002707F8 /* AppDelegate.swift */; };
		FFD5C0002BB106EE002707F8 /* SceneDelegate.swift in Sources */ = {isa = PBXBuildFile; fileRef = FFD5BFFF2BB106EE002707F8 /* SceneDelegate.swift */; };
		FFD5C0022BB106EE002707F8 /* ViewController.swift in Sources */ = {isa = PBXBuildFile; fileRef = FFD5C0012BB106EE002707F8 /* ViewController.swift */; };
		FFD5C0052BB106EE002707F8 /* Base in Resources */ = {isa = PBXBuildFile; fileRef = FFD5C0042BB106EE002707F8 /* Base */; };
		FFD5C0072BB106F0002707F8 /* Assets.xcassets in Resources */ = {isa = PBXBuildFile; fileRef = FFD5C0062BB106F0002707F8 /* Assets.xcassets */; };
		FFD5C00A2BB106F0002707F8 /* Base in Resources */ = {isa = PBXBuildFile; fileRef = FFD5C0092BB106F0002707F8 /* Base */; };
		FFD5C0132BB1074C002707F8 /* UsingStoryBoard.xcdatamodeld in Sources */ = {isa = PBXBuildFile; fileRef = FFD5C0112BB1074C002707F8 /* UsingStoryBoard.xcdatamodeld */; };
		FFD5C01A2BB10A98002707F8 /* SongTableViewController.swift in Sources */ = {isa = PBXBuildFile; fileRef = FFD5C0192BB10A98002707F8 /* SongTableViewController.swift */; };
		FFD5C01D2BB10AD7002707F8 /* SongDetailsViewController.swift in Sources */ = {isa = PBXBuildFile; fileRef = FFD5C01C2BB10AD7002707F8 /* SongDetailsViewController.swift */; };
		FFD5C01F2BB10B16002707F8 /* SongViewController.swift in Sources */ = {isa = PBXBuildFile; fileRef = FFD5C01E2BB10B16002707F8 /* SongViewController.swift */; };
		FFD5C0222BB10BA6002707F8 /* AlbumViewController.swift in Sources */ = {isa = PBXBuildFile; fileRef = FFD5C0212BB10BA6002707F8 /* AlbumViewController.swift */; };
		FFD5C0242BB10BE2002707F8 /* AlbumTableViewController.swift in Sources */ = {isa = PBXBuildFile; fileRef = FFD5C0232BB10BE2002707F8 /* AlbumTableViewController.swift */; };
/* End PBXBuildFile section */

/* Begin PBXFileReference section */
		FF233A8C2BB10C5600D40C34 /* AlbumDetailsViewController.swift */ = {isa = PBXFileReference; lastKnownFileType = sourcecode.swift; path = AlbumDetailsViewController.swift; sourceTree = "<group>"; };
		FF233A912BB10CA600D40C34 /* ArtistViewController.swift */ = {isa = PBXFileReference; lastKnownFileType = sourcecode.swift; path = ArtistViewController.swift; sourceTree = "<group>"; };
		FF233A932BB10CDA00D40C34 /* ArtistDetailsViewController.swift */ = {isa = PBXFileReference; lastKnownFileType = sourcecode.swift; path = ArtistDetailsViewController.swift; sourceTree = "<group>"; };
		FF233A952BB10D0300D40C34 /* ArtistTableViewController.swift */ = {isa = PBXFileReference; lastKnownFileType = sourcecode.swift; path = ArtistTableViewController.swift; sourceTree = "<group>"; };
		FF233A982BB10D3F00D40C34 /* GenreViewController.swift */ = {isa = PBXFileReference; lastKnownFileType = sourcecode.swift; path = GenreViewController.swift; sourceTree = "<group>"; };
		FF233A9A2BB10D5100D40C34 /* GenreDetailsViewController.swift */ = {isa = PBXFileReference; lastKnownFileType = sourcecode.swift; path = GenreDetailsViewController.swift; sourceTree = "<group>"; };
		FF233A9C2BB10D6000D40C34 /* GenreTableViewController.swift */ = {isa = PBXFileReference; lastKnownFileType = sourcecode.swift; path = GenreTableViewController.swift; sourceTree = "<group>"; };
		FFD5BFFA2BB106EE002707F8 /* Using Storyboard.app */ = {isa = PBXFileReference; explicitFileType = wrapper.application; includeInIndex = 0; path = "Using Storyboard.app"; sourceTree = BUILT_PRODUCTS_DIR; };
		FFD5BFFD2BB106EE002707F8 /* AppDelegate.swift */ = {isa = PBXFileReference; lastKnownFileType = sourcecode.swift; path = AppDelegate.swift; sourceTree = "<group>"; };
		FFD5BFFF2BB106EE002707F8 /* SceneDelegate.swift */ = {isa = PBXFileReference; lastKnownFileType = sourcecode.swift; path = SceneDelegate.swift; sourceTree = "<group>"; };
		FFD5C0012BB106EE002707F8 /* ViewController.swift */ = {isa = PBXFileReference; lastKnownFileType = sourcecode.swift; path = ViewController.swift; sourceTree = "<group>"; };
		FFD5C0042BB106EE002707F8 /* Base */ = {isa = PBXFileReference; lastKnownFileType = file.storyboard; name = Base; path = Base.lproj/Main.storyboard; sourceTree = "<group>"; };
		FFD5C0062BB106F0002707F8 /* Assets.xcassets */ = {isa = PBXFileReference; lastKnownFileType = folder.assetcatalog; path = Assets.xcassets; sourceTree = "<group>"; };
		FFD5C0092BB106F0002707F8 /* Base */ = {isa = PBXFileReference; lastKnownFileType = file.storyboard; name = Base; path = Base.lproj/LaunchScreen.storyboard; sourceTree = "<group>"; };
		FFD5C00B2BB106F0002707F8 /* Info.plist */ = {isa = PBXFileReference; lastKnownFileType = text.plist.xml; path = Info.plist; sourceTree = "<group>"; };
		FFD5C0122BB1074C002707F8 /* UsingStoryBoard.xcdatamodel */ = {isa = PBXFileReference; lastKnownFileType = wrapper.xcdatamodel; path = UsingStoryBoard.xcdatamodel; sourceTree = "<group>"; };
		FFD5C0192BB10A98002707F8 /* SongTableViewController.swift */ = {isa = PBXFileReference; lastKnownFileType = sourcecode.swift; path = SongTableViewController.swift; sourceTree = "<group>"; };
		FFD5C01C2BB10AD7002707F8 /* SongDetailsViewController.swift */ = {isa = PBXFileReference; lastKnownFileType = sourcecode.swift; path = SongDetailsViewController.swift; sourceTree = "<group>"; };
		FFD5C01E2BB10B16002707F8 /* SongViewController.swift */ = {isa = PBXFileReference; lastKnownFileType = sourcecode.swift; path = SongViewController.swift; sourceTree = "<group>"; };
		FFD5C0212BB10BA6002707F8 /* AlbumViewController.swift */ = {isa = PBXFileReference; lastKnownFileType = sourcecode.swift; path = AlbumViewController.swift; sourceTree = "<group>"; };
		FFD5C0232BB10BE2002707F8 /* AlbumTableViewController.swift */ = {isa = PBXFileReference; lastKnownFileType = sourcecode.swift; path = AlbumTableViewController.swift; sourceTree = "<group>"; };
/* End PBXFileReference section */

/* Begin PBXFrameworksBuildPhase section */
		FFD5BFF72BB106EE002707F8 /* Frameworks */ = {
			isa = PBXFrameworksBuildPhase;
			buildActionMask = 2147483647;
			files = (
			);
			runOnlyForDeploymentPostprocessing = 0;
		};
/* End PBXFrameworksBuildPhase section */

/* Begin PBXGroup section */
		FF233A902BB10C8E00D40C34 /* Artist */ = {
			isa = PBXGroup;
			children = (
				FF233A912BB10CA600D40C34 /* ArtistViewController.swift */,
				FF233A932BB10CDA00D40C34 /* ArtistDetailsViewController.swift */,
				FF233A952BB10D0300D40C34 /* ArtistTableViewController.swift */,
			);
			path = Artist;
			sourceTree = "<group>";
		};
		FF233A972BB10D2E00D40C34 /* Genre */ = {
			isa = PBXGroup;
			children = (
				FF233A982BB10D3F00D40C34 /* GenreViewController.swift */,
				FF233A9A2BB10D5100D40C34 /* GenreDetailsViewController.swift */,
				FF233A9C2BB10D6000D40C34 /* GenreTableViewController.swift */,
			);
			path = Genre;
			sourceTree = "<group>";
		};
		FF233A9E2BB10F4C00D40C34 /* DATA MODEL */ = {
			isa = PBXGroup;
			children = (
				FFD5C0112BB1074C002707F8 /* UsingStoryBoard.xcdatamodeld */,
			);
			path = "DATA MODEL";
			sourceTree = "<group>";
		};
		FFD5BFF12BB106EE002707F8 = {
			isa = PBXGroup;
			children = (
				FFD5BFFC2BB106EE002707F8 /* Using Storyboard */,
				FFD5BFFB2BB106EE002707F8 /* Products */,
			);
			sourceTree = "<group>";
		};
		FFD5BFFB2BB106EE002707F8 /* Products */ = {
			isa = PBXGroup;
			children = (
				FFD5BFFA2BB106EE002707F8 /* Using Storyboard.app */,
			);
			name = Products;
			sourceTree = "<group>";
		};
		FFD5BFFC2BB106EE002707F8 /* Using Storyboard */ = {
			isa = PBXGroup;
			children = (
				FF233A9E2BB10F4C00D40C34 /* DATA MODEL */,
				FF233A972BB10D2E00D40C34 /* Genre */,
				FF233A902BB10C8E00D40C34 /* Artist */,
				FFD5C0202BB10B8E002707F8 /* Album */,
				FFD5C0142BB10A20002707F8 /* Song */,
				FFD5BFFD2BB106EE002707F8 /* AppDelegate.swift */,
				FFD5BFFF2BB106EE002707F8 /* SceneDelegate.swift */,
				FFD5C0012BB106EE002707F8 /* ViewController.swift */,
				FFD5C0032BB106EE002707F8 /* Main.storyboard */,
				FFD5C0062BB106F0002707F8 /* Assets.xcassets */,
				FFD5C0082BB106F0002707F8 /* LaunchScreen.storyboard */,
				FFD5C00B2BB106F0002707F8 /* Info.plist */,
			);
			path = "Using Storyboard";
			sourceTree = "<group>";
		};
		FFD5C0142BB10A20002707F8 /* Song */ = {
			isa = PBXGroup;
			children = (
				FFD5C0192BB10A98002707F8 /* SongTableViewController.swift */,
				FFD5C01C2BB10AD7002707F8 /* SongDetailsViewController.swift */,
				FFD5C01E2BB10B16002707F8 /* SongViewController.swift */,
			);
			path = Song;
			sourceTree = "<group>";
		};
		FFD5C0202BB10B8E002707F8 /* Album */ = {
			isa = PBXGroup;
			children = (
				FFD5C0212BB10BA6002707F8 /* AlbumViewController.swift */,
				FFD5C0232BB10BE2002707F8 /* AlbumTableViewController.swift */,
				FF233A8C2BB10C5600D40C34 /* AlbumDetailsViewController.swift */,
			);
			path = Album;
			sourceTree = "<group>";
		};
/* End PBXGroup section */

/* Begin PBXNativeTarget section */
		FFD5BFF92BB106EE002707F8 /* Using Storyboard */ = {
			isa = PBXNativeTarget;
			buildConfigurationList = FFD5C00E2BB106F0002707F8 /* Build configuration list for PBXNativeTarget "Using Storyboard" */;
			buildPhases = (
				FFD5BFF62BB106EE002707F8 /* Sources */,
				FFD5BFF72BB106EE002707F8 /* Frameworks */,
				FFD5BFF82BB106EE002707F8 /* Resources */,
			);
			buildRules = (
			);
			dependencies = (
			);
			name = "Using Storyboard";
			productName = "Using Storyboard";
			productReference = FFD5BFFA2BB106EE002707F8 /* Using Storyboard.app */;
			productType = "com.apple.product-type.application";
		};
/* End PBXNativeTarget section */

/* Begin PBXProject section */
		FFD5BFF22BB106EE002707F8 /* Project object */ = {
			isa = PBXProject;
			attributes = {
				BuildIndependentTargetsInParallel = 1;
				LastSwiftUpdateCheck = 1530;
				LastUpgradeCheck = 1530;
				TargetAttributes = {
					FFD5BFF92BB106EE002707F8 = {
						CreatedOnToolsVersion = 15.3;
					};
				};
			};
			buildConfigurationList = FFD5BFF52BB106EE002707F8 /* Build configuration list for PBXProject "Using Storyboard" */;
			compatibilityVersion = "Xcode 14.0";
			developmentRegion = en;
			hasScannedForEncodings = 0;
			knownRegions = (
				en,
				Base,
			);
			mainGroup = FFD5BFF12BB106EE002707F8;
			productRefGroup = FFD5BFFB2BB106EE002707F8 /* Products */;
			projectDirPath = "";
			projectRoot = "";
			targets = (
				FFD5BFF92BB106EE002707F8 /* Using Storyboard */,
			);
		};
/* End PBXProject section */

/* Begin PBXResourcesBuildPhase section */
		FFD5BFF82BB106EE002707F8 /* Resources */ = {
			isa = PBXResourcesBuildPhase;
			buildActionMask = 2147483647;
			files = (
				FFD5C0072BB106F0002707F8 /* Assets.xcassets in Resources */,
				FFD5C00A2BB106F0002707F8 /* Base in Resources */,
				FFD5C0052BB106EE002707F8 /* Base in Resources */,
			);
			runOnlyForDeploymentPostprocessing = 0;
		};
/* End PBXResourcesBuildPhase section */

/* Begin PBXSourcesBuildPhase section */
		FFD5BFF62BB106EE002707F8 /* Sources */ = {
			isa = PBXSourcesBuildPhase;
			buildActionMask = 2147483647;
			files = (
				FF233A992BB10D3F00D40C34 /* GenreViewController.swift in Sources */,
				FF233A9D2BB10D6000D40C34 /* GenreTableViewController.swift in Sources */,
				FF233A922BB10CA600D40C34 /* ArtistViewController.swift in Sources */,
				FFD5C01A2BB10A98002707F8 /* SongTableViewController.swift in Sources */,
				FFD5C0022BB106EE002707F8 /* ViewController.swift in Sources */,
				FF233A962BB10D0300D40C34 /* ArtistTableViewController.swift in Sources */,
				FF233A8D2BB10C5600D40C34 /* AlbumDetailsViewController.swift in Sources */,
				FFD5BFFE2BB106EE002707F8 /* AppDelegate.swift in Sources */,
				FFD5C0002BB106EE002707F8 /* SceneDelegate.swift in Sources */,
				FFD5C0222BB10BA6002707F8 /* AlbumViewController.swift in Sources */,
				FFD5C01D2BB10AD7002707F8 /* SongDetailsViewController.swift in Sources */,
				FF233A942BB10CDA00D40C34 /* ArtistDetailsViewController.swift in Sources */,
				FFD5C0132BB1074C002707F8 /* UsingStoryBoard.xcdatamodeld in Sources */,
				FFD5C0242BB10BE2002707F8 /* AlbumTableViewController.swift in Sources */,
				FF233A9B2BB10D5100D40C34 /* GenreDetailsViewController.swift in Sources */,
				FFD5C01F2BB10B16002707F8 /* SongViewController.swift in Sources */,
			);
			runOnlyForDeploymentPostprocessing = 0;
		};
/* End PBXSourcesBuildPhase section */

/* Begin PBXVariantGroup section */
		FFD5C0032BB106EE002707F8 /* Main.storyboard */ = {
			isa = PBXVariantGroup;
			children = (
				FFD5C0042BB106EE002707F8 /* Base */,
			);
			name = Main.storyboard;
			sourceTree = "<group>";
		};
		FFD5C0082BB106F0002707F8 /* LaunchScreen.storyboard */ = {
			isa = PBXVariantGroup;
			children = (
				FFD5C0092BB106F0002707F8 /* Base */,
			);
			name = LaunchScreen.storyboard;
			sourceTree = "<group>";
		};
/* End PBXVariantGroup section */

/* Begin XCBuildConfiguration section */
		FFD5C00C2BB106F0002707F8 /* Debug */ = {
			isa = XCBuildConfiguration;
			buildSettings = {
				ALWAYS_SEARCH_USER_PATHS = NO;
				ASSETCATALOG_COMPILER_GENERATE_SWIFT_ASSET_SYMBOL_EXTENSIONS = YES;
				CLANG_ANALYZER_NONNULL = YES;
				CLANG_ANALYZER_NUMBER_OBJECT_CONVERSION = YES_AGGRESSIVE;
				CLANG_CXX_LANGUAGE_STANDARD = "gnu++20";
				CLANG_ENABLE_MODULES = YES;
				CLANG_ENABLE_OBJC_ARC = YES;
				CLANG_ENABLE_OBJC_WEAK = YES;
				CLANG_WARN_BLOCK_CAPTURE_AUTORELEASING = YES;
				CLANG_WARN_BOOL_CONVERSION = YES;
				CLANG_WARN_COMMA = YES;
				CLANG_WARN_CONSTANT_CONVERSION = YES;
				CLANG_WARN_DEPRECATED_OBJC_IMPLEMENTATIONS = YES;
				CLANG_WARN_DIRECT_OBJC_ISA_USAGE = YES_ERROR;
				CLANG_WARN_DOCUMENTATION_COMMENTS = YES;
				CLANG_WARN_EMPTY_BODY = YES;
				CLANG_WARN_ENUM_CONVERSION = YES;
				CLANG_WARN_INFINITE_RECURSION = YES;
				CLANG_WARN_INT_CONVERSION = YES;
				CLANG_WARN_NON_LITERAL_NULL_CONVERSION = YES;
				CLANG_WARN_OBJC_IMPLICIT_RETAIN_SELF = YES;
				CLANG_WARN_OBJC_LITERAL_CONVERSION = YES;
				CLANG_WARN_OBJC_ROOT_CLASS = YES_ERROR;
				CLANG_WARN_QUOTED_INCLUDE_IN_FRAMEWORK_HEADER = YES;
				CLANG_WARN_RANGE_LOOP_ANALYSIS = YES;
				CLANG_WARN_STRICT_PROTOTYPES = YES;
				CLANG_WARN_SUSPICIOUS_MOVE = YES;
				CLANG_WARN_UNGUARDED_AVAILABILITY = YES_AGGRESSIVE;
				CLANG_WARN_UNREACHABLE_CODE = YES;
				CLANG_WARN__DUPLICATE_METHOD_MATCH = YES;
				COPY_PHASE_STRIP = NO;
				DEBUG_INFORMATION_FORMAT = dwarf;
				ENABLE_STRICT_OBJC_MSGSEND = YES;
				ENABLE_TESTABILITY = YES;
				ENABLE_USER_SCRIPT_SANDBOXING = YES;
				GCC_C_LANGUAGE_STANDARD = gnu17;
				GCC_DYNAMIC_NO_PIC = NO;
				GCC_NO_COMMON_BLOCKS = YES;
				GCC_OPTIMIZATION_LEVEL = 0;
				GCC_PREPROCESSOR_DEFINITIONS = (
					"DEBUG=1",
					"$(inherited)",
				);
				GCC_WARN_64_TO_32_BIT_CONVERSION = YES;
				GCC_WARN_ABOUT_RETURN_TYPE = YES_ERROR;
				GCC_WARN_UNDECLARED_SELECTOR = YES;
				GCC_WARN_UNINITIALIZED_AUTOS = YES_AGGRESSIVE;
				GCC_WARN_UNUSED_FUNCTION = YES;
				GCC_WARN_UNUSED_VARIABLE = YES;
				IPHONEOS_DEPLOYMENT_TARGET = 17.4;
				LOCALIZATION_PREFERS_STRING_CATALOGS = YES;
				MTL_ENABLE_DEBUG_INFO = INCLUDE_SOURCE;
				MTL_FAST_MATH = YES;
				ONLY_ACTIVE_ARCH = YES;
				SDKROOT = iphoneos;
				SWIFT_ACTIVE_COMPILATION_CONDITIONS = "DEBUG $(inherited)";
				SWIFT_OPTIMIZATION_LEVEL = "-Onone";
			};
			name = Debug;
		};
		FFD5C00D2BB106F0002707F8 /* Release */ = {
			isa = XCBuildConfiguration;
			buildSettings = {
				ALWAYS_SEARCH_USER_PATHS = NO;
				ASSETCATALOG_COMPILER_GENERATE_SWIFT_ASSET_SYMBOL_EXTENSIONS = YES;
				CLANG_ANALYZER_NONNULL = YES;
				CLANG_ANALYZER_NUMBER_OBJECT_CONVERSION = YES_AGGRESSIVE;
				CLANG_CXX_LANGUAGE_STANDARD = "gnu++20";
				CLANG_ENABLE_MODULES = YES;
				CLANG_ENABLE_OBJC_ARC = YES;
				CLANG_ENABLE_OBJC_WEAK = YES;
				CLANG_WARN_BLOCK_CAPTURE_AUTORELEASING = YES;
				CLANG_WARN_BOOL_CONVERSION = YES;
				CLANG_WARN_COMMA = YES;
				CLANG_WARN_CONSTANT_CONVERSION = YES;
				CLANG_WARN_DEPRECATED_OBJC_IMPLEMENTATIONS = YES;
				CLANG_WARN_DIRECT_OBJC_ISA_USAGE = YES_ERROR;
				CLANG_WARN_DOCUMENTATION_COMMENTS = YES;
				CLANG_WARN_EMPTY_BODY = YES;
				CLANG_WARN_ENUM_CONVERSION = YES;
				CLANG_WARN_INFINITE_RECURSION = YES;
				CLANG_WARN_INT_CONVERSION = YES;
				CLANG_WARN_NON_LITERAL_NULL_CONVERSION = YES;
				CLANG_WARN_OBJC_IMPLICIT_RETAIN_SELF = YES;
				CLANG_WARN_OBJC_LITERAL_CONVERSION = YES;
				CLANG_WARN_OBJC_ROOT_CLASS = YES_ERROR;
				CLANG_WARN_QUOTED_INCLUDE_IN_FRAMEWORK_HEADER = YES;
				CLANG_WARN_RANGE_LOOP_ANALYSIS = YES;
				CLANG_WARN_STRICT_PROTOTYPES = YES;
				CLANG_WARN_SUSPICIOUS_MOVE = YES;
				CLANG_WARN_UNGUARDED_AVAILABILITY = YES_AGGRESSIVE;
				CLANG_WARN_UNREACHABLE_CODE = YES;
				CLANG_WARN__DUPLICATE_METHOD_MATCH = YES;
				COPY_PHASE_STRIP = NO;
				DEBUG_INFORMATION_FORMAT = "dwarf-with-dsym";
				ENABLE_NS_ASSERTIONS = NO;
				ENABLE_STRICT_OBJC_MSGSEND = YES;
				ENABLE_USER_SCRIPT_SANDBOXING = YES;
				GCC_C_LANGUAGE_STANDARD = gnu17;
				GCC_NO_COMMON_BLOCKS = YES;
				GCC_WARN_64_TO_32_BIT_CONVERSION = YES;
				GCC_WARN_ABOUT_RETURN_TYPE = YES_ERROR;
				GCC_WARN_UNDECLARED_SELECTOR = YES;
				GCC_WARN_UNINITIALIZED_AUTOS = YES_AGGRESSIVE;
				GCC_WARN_UNUSED_FUNCTION = YES;
				GCC_WARN_UNUSED_VARIABLE = YES;
				IPHONEOS_DEPLOYMENT_TARGET = 17.4;
				LOCALIZATION_PREFERS_STRING_CATALOGS = YES;
				MTL_ENABLE_DEBUG_INFO = NO;
				MTL_FAST_MATH = YES;
				SDKROOT = iphoneos;
				SWIFT_COMPILATION_MODE = wholemodule;
				VALIDATE_PRODUCT = YES;
			};
			name = Release;
		};
		FFD5C00F2BB106F0002707F8 /* Debug */ = {
			isa = XCBuildConfiguration;
			buildSettings = {
				ASSETCATALOG_COMPILER_APPICON_NAME = AppIcon;
				ASSETCATALOG_COMPILER_GLOBAL_ACCENT_COLOR_NAME = AccentColor;
				CODE_SIGN_STYLE = Automatic;
				CURRENT_PROJECT_VERSION = 1;
				DEVELOPMENT_TEAM = 2D4QNRR362;
				GENERATE_INFOPLIST_FILE = YES;
				INFOPLIST_FILE = "Using Storyboard/Info.plist";
				INFOPLIST_KEY_UIApplicationSupportsIndirectInputEvents = YES;
				INFOPLIST_KEY_UILaunchStoryboardName = LaunchScreen;
				INFOPLIST_KEY_UIMainStoryboardFile = Main;
				INFOPLIST_KEY_UISupportedInterfaceOrientations_iPad = "UIInterfaceOrientationPortrait UIInterfaceOrientationPortraitUpsideDown UIInterfaceOrientationLandscapeLeft UIInterfaceOrientationLandscapeRight";
				INFOPLIST_KEY_UISupportedInterfaceOrientations_iPhone = "UIInterfaceOrientationPortrait UIInterfaceOrientationLandscapeLeft UIInterfaceOrientationLandscapeRight";
				LD_RUNPATH_SEARCH_PATHS = (
					"$(inherited)",
					"@executable_path/Frameworks",
				);
				MARKETING_VERSION = 1.0;
				PRODUCT_BUNDLE_IDENTIFIER = "com.Bhavya.Using-Storyboard";
				PRODUCT_NAME = "$(TARGET_NAME)";
				SWIFT_EMIT_LOC_STRINGS = YES;
				SWIFT_VERSION = 5.0;
				TARGETED_DEVICE_FAMILY = "1,2";
			};
			name = Debug;
		};
		FFD5C0102BB106F0002707F8 /* Release */ = {
			isa = XCBuildConfiguration;
			buildSettings = {
				ASSETCATALOG_COMPILER_APPICON_NAME = AppIcon;
				ASSETCATALOG_COMPILER_GLOBAL_ACCENT_COLOR_NAME = AccentColor;
				CODE_SIGN_STYLE = Automatic;
				CURRENT_PROJECT_VERSION = 1;
				DEVELOPMENT_TEAM = 2D4QNRR362;
				GENERATE_INFOPLIST_FILE = YES;
				INFOPLIST_FILE = "Using Storyboard/Info.plist";
				INFOPLIST_KEY_UIApplicationSupportsIndirectInputEvents = YES;
				INFOPLIST_KEY_UILaunchStoryboardName = LaunchScreen;
				INFOPLIST_KEY_UIMainStoryboardFile = Main;
				INFOPLIST_KEY_UISupportedInterfaceOrientations_iPad = "UIInterfaceOrientationPortrait UIInterfaceOrientationPortraitUpsideDown UIInterfaceOrientationLandscapeLeft UIInterfaceOrientationLandscapeRight";
				INFOPLIST_KEY_UISupportedInterfaceOrientations_iPhone = "UIInterfaceOrientationPortrait UIInterfaceOrientationLandscapeLeft UIInterfaceOrientationLandscapeRight";
				LD_RUNPATH_SEARCH_PATHS = (
					"$(inherited)",
					"@executable_path/Frameworks",
				);
				MARKETING_VERSION = 1.0;
				PRODUCT_BUNDLE_IDENTIFIER = "com.Bhavya.Using-Storyboard";
				PRODUCT_NAME = "$(TARGET_NAME)";
				SWIFT_EMIT_LOC_STRINGS = YES;
				SWIFT_VERSION = 5.0;
				TARGETED_DEVICE_FAMILY = "1,2";
			};
			name = Release;
		};
/* End XCBuildConfiguration section */

/* Begin XCConfigurationList section */
		FFD5BFF52BB106EE002707F8 /* Build configuration list for PBXProject "Using Storyboard" */ = {
			isa = XCConfigurationList;
			buildConfigurations = (
				FFD5C00C2BB106F0002707F8 /* Debug */,
				FFD5C00D2BB106F0002707F8 /* Release */,
			);
			defaultConfigurationIsVisible = 0;
			defaultConfigurationName = Release;
		};
		FFD5C00E2BB106F0002707F8 /* Build configuration list for PBXNativeTarget "Using Storyboard" */ = {
			isa = XCConfigurationList;
			buildConfigurations = (
				FFD5C00F2BB106F0002707F8 /* Debug */,
				FFD5C0102BB106F0002707F8 /* Release */,
			);
			defaultConfigurationIsVisible = 0;
			defaultConfigurationName = Release;
		};
/* End XCConfigurationList section */

/* Begin XCVersionGroup section */
		FFD5C0112BB1074C002707F8 /* UsingStoryBoard.xcdatamodeld */ = {
			isa = XCVersionGroup;
			children = (
				FFD5C0122BB1074C002707F8 /* UsingStoryBoard.xcdatamodel */,
			);
			currentVersion = FFD5C0122BB1074C002707F8 /* UsingStoryBoard.xcdatamodel */;
			path = UsingStoryBoard.xcdatamodeld;
			sourceTree = "<group>";
			versionGroupType = wrapper.xcdatamodel;
		};
/* End XCVersionGroup section */
	};
	rootObject = FFD5BFF22BB106EE002707F8 /* Project object */;
}
